
Microsoft Visual Studio Solution File, Format Version 12.00
# Visual Studio Version 16
VisualStudioVersion = 16.0.30907.101
MinimumVisualStudioVersion = 10.0.40219.1
Project("{FAE04EC0-301F-11D3-BF4B-00C04F79EFBC}") = "Logbook", "Logbook.csproj", "{EBB37431-2830-44DA-9DF5-0ED4D2E4CFA6}"
EndProject
Global
	GlobalSection(SolutionConfigurationPlatforms) = preSolution
		Debug|Any CPU = Debug|Any CPU
		Release|Any CPU = Release|Any CPU
	EndGlobalSection
	GlobalSection(ProjectConfigurationPlatforms) = postSolution
		{EBB37431-2830-44DA-9DF5-0ED4D2E4CFA6}.Debug|Any CPU.ActiveCfg = Debug|Any CPU
		{EBB37431-2830-44DA-9DF5-0ED4D2E4CFA6}.Debug|Any CPU.Build.0 = Debug|Any CPU
		{EBB37431-2830-44DA-9DF5-0ED4D2E4CFA6}.Release|Any CPU.ActiveCfg = Release|Any CPU
		{EBB37431-2830-44DA-9DF5-0ED4D2E4CFA6}.Release|Any CPU.Build.0 = Release|Any CPU
	EndGlobalSection
	GlobalSection(SolutionProperties) = preSolution
		HideSolutionNode = FALSE
	EndGlobalSection
	GlobalSection(ExtensibilityGlobals) = postSolution
		SolutionGuid = {80A9833C-6ED0-46FB-A8D7-3F793B780684}
	EndGlobalSection
EndGlobal
