
Microsoft Visual Studio Solution File, Format Version 12.00
# Visual Studio Version 16
VisualStudioVersion = 16.0.30907.101
MinimumVisualStudioVersion = 10.0.40219.1
Project("{FAE04EC0-301F-11D3-BF4B-00C04F79EFBC}") = "Logbook", "Logbook.csproj", "{EBB37431-2830-44DA-9DF5-0ED4D2E4CFA6}"
EndProject
Project("{FAE04EC0-301F-11D3-BF4B-00C04F79EFBC}") = "Logbook.Business", "..\Logbook.Business\Logbook.Business.csproj", "{D1DDCDF5-6605-4BFE-B82F-B89A28FD6F98}"
EndProject
Project("{FAE04EC0-301F-11D3-BF4B-00C04F79EFBC}") = "Logbook.TemporaryStorage", "..\Logbook.TemporaryStorage\Logbook.TemporaryStorage.csproj", "{4DF6B0AE-2FE7-4550-8E2D-E1401DDF990F}"
EndProject
Global
	GlobalSection(SolutionConfigurationPlatforms) = preSolution
		Debug|Any CPU = Debug|Any CPU
		Release|Any CPU = Release|Any CPU
	EndGlobalSection
	GlobalSection(ProjectConfigurationPlatforms) = postSolution
		{EBB37431-2830-44DA-9DF5-0ED4D2E4CFA6}.Debug|Any CPU.ActiveCfg = Debug|Any CPU
		{EBB37431-2830-44DA-9DF5-0ED4D2E4CFA6}.Debug|Any CPU.Build.0 = Debug|Any CPU
		{EBB37431-2830-44DA-9DF5-0ED4D2E4CFA6}.Release|Any CPU.ActiveCfg = Release|Any CPU
		{EBB37431-2830-44DA-9DF5-0ED4D2E4CFA6}.Release|Any CPU.Build.0 = Release|Any CPU
		{D1DDCDF5-6605-4BFE-B82F-B89A28FD6F98}.Debug|Any CPU.ActiveCfg = Debug|Any CPU
		{D1DDCDF5-6605-4BFE-B82F-B89A28FD6F98}.Debug|Any CPU.Build.0 = Debug|Any CPU
		{D1DDCDF5-6605-4BFE-B82F-B89A28FD6F98}.Release|Any CPU.ActiveCfg = Release|Any CPU
		{D1DDCDF5-6605-4BFE-B82F-B89A28FD6F98}.Release|Any CPU.Build.0 = Release|Any CPU
		{4DF6B0AE-2FE7-4550-8E2D-E1401DDF990F}.Debug|Any CPU.ActiveCfg = Debug|Any CPU
		{4DF6B0AE-2FE7-4550-8E2D-E1401DDF990F}.Debug|Any CPU.Build.0 = Debug|Any CPU
		{4DF6B0AE-2FE7-4550-8E2D-E1401DDF990F}.Release|Any CPU.ActiveCfg = Release|Any CPU
		{4DF6B0AE-2FE7-4550-8E2D-E1401DDF990F}.Release|Any CPU.Build.0 = Release|Any CPU
	EndGlobalSection
	GlobalSection(SolutionProperties) = preSolution
		HideSolutionNode = FALSE
	EndGlobalSection
	GlobalSection(ExtensibilityGlobals) = postSolution
		SolutionGuid = {80A9833C-6ED0-46FB-A8D7-3F793B780684}
	EndGlobalSection
EndGlobal
